
Microsoft Visual Studio Solution File, Format Version 12.00
Project("{FAE04EC0-301F-11D3-BF4B-00C04F79EFBC}") = "Davinti - Teste Pratico", "Davinti - Teste Pratico\Davinti - Teste Pratico.csproj", "{2D5285DA-EF6A-4635-A32A-17591F7EBCCD}"
EndProject
Global
	GlobalSection(SolutionConfigurationPlatforms) = preSolution
		Debug|Any CPU = Debug|Any CPU
		Release|Any CPU = Release|Any CPU
	EndGlobalSection
	GlobalSection(ProjectConfigurationPlatforms) = postSolution
		{2D5285DA-EF6A-4635-A32A-17591F7EBCCD}.Debug|Any CPU.ActiveCfg = Debug|Any CPU
		{2D5285DA-EF6A-4635-A32A-17591F7EBCCD}.Debug|Any CPU.Build.0 = Debug|Any CPU
		{2D5285DA-EF6A-4635-A32A-17591F7EBCCD}.Release|Any CPU.ActiveCfg = Release|Any CPU
		{2D5285DA-EF6A-4635-A32A-17591F7EBCCD}.Release|Any CPU.Build.0 = Release|Any CPU
	EndGlobalSection
EndGlobal
